
Microsoft Visual Studio Solution File, Format Version 11.00
# Visual Studio 2010
Project("{FAE04EC0-301F-11D3-BF4B-00C04F79EFBC}") = "MetamerCalculator", "MetamerCalculator\MetamerCalculator.csproj", "{42D885D3-27C5-413E-8A4F-B3B65159A889}"
EndProject
Global
	GlobalSection(SolutionConfigurationPlatforms) = preSolution
		Debug|x86 = Debug|x86
		Release|x86 = Release|x86
	EndGlobalSection
	GlobalSection(ProjectConfigurationPlatforms) = postSolution
		{42D885D3-27C5-413E-8A4F-B3B65159A889}.Debug|x86.ActiveCfg = Debug|x86
		{42D885D3-27C5-413E-8A4F-B3B65159A889}.Debug|x86.Build.0 = Debug|x86
		{42D885D3-27C5-413E-8A4F-B3B65159A889}.Release|x86.ActiveCfg = Release|x86
		{42D885D3-27C5-413E-8A4F-B3B65159A889}.Release|x86.Build.0 = Release|x86
	EndGlobalSection
	GlobalSection(SolutionProperties) = preSolution
		HideSolutionNode = FALSE
	EndGlobalSection
EndGlobal
